
Microsoft Visual Studio Solution File, Format Version 12.00
# Visual Studio Version 17
VisualStudioVersion = 17.11.35327.3
MinimumVisualStudioVersion = 10.0.40219.1
Project("{FAE04EC0-301F-11D3-BF4B-00C04F79EFBC}") = "Lesson1", "Lesson1\Lesson1.csproj", "{7632EFA1-BCD6-4063-AEB7-612C33F41C25}"
EndProject
Global
	GlobalSection(SolutionConfigurationPlatforms) = preSolution
		Debug|Any CPU = Debug|Any CPU
		Release|Any CPU = Release|Any CPU
	EndGlobalSection
	GlobalSection(ProjectConfigurationPlatforms) = postSolution
		{7632EFA1-BCD6-4063-AEB7-612C33F41C25}.Debug|Any CPU.ActiveCfg = Debug|Any CPU
		{7632EFA1-BCD6-4063-AEB7-612C33F41C25}.Debug|Any CPU.Build.0 = Debug|Any CPU
		{7632EFA1-BCD6-4063-AEB7-612C33F41C25}.Release|Any CPU.ActiveCfg = Release|Any CPU
		{7632EFA1-BCD6-4063-AEB7-612C33F41C25}.Release|Any CPU.Build.0 = Release|Any CPU
	EndGlobalSection
	GlobalSection(SolutionProperties) = preSolution
		HideSolutionNode = FALSE
	EndGlobalSection
	GlobalSection(ExtensibilityGlobals) = postSolution
		SolutionGuid = {1E769E79-EB74-4200-A230-00D00070E8F6}
	EndGlobalSection
EndGlobal
